{
  "name": "@upgradableweb/pagination",
  "version": "1.0.0",
  "lockfileVersion": 3,
  "requires": true,
  "packages": {
    "": {
      "name": "@upgradableweb/pagination",
      "version": "1.0.0",
      "license": "MIT",
      "dependencies": {
        "@upgradableweb/icons": "^1.0.0",
        "@upgradableweb/tooltip": "^1.0.1"
      }
    },
    "node_modules/@upgradableweb/icons": {
      "version": "1.0.0",
      "resolved": "https://registry.npmjs.org/@upgradableweb/icons/-/icons-1.0.0.tgz",
      "integrity": "sha512-zirKYtlOefw7at6+NjXIA0n6VM+g0jsT4mIIXekUL4PKLZDHfkjW4WudhVcAL+9UAPfIf5nkZH7nfpdowqI5bQ=="
    },
    "node_modules/@upgradableweb/tooltip": {
      "version": "1.0.1",
      "resolved": "https://registry.npmjs.org/@upgradableweb/tooltip/-/tooltip-1.0.1.tgz",
      "integrity": "sha512-/cPll1GpEBGNsaeDvrbuGvifvTuiz2aQbe4Gz9uvv4K6mfISuN1fAMBXyKPWW+B9ArGPiQHV7rwSMpXdtMcOHw=="
    }
  }
}
